
Microsoft Visual Studio Solution File, Format Version 12.00
# Visual Studio Version 17
VisualStudioVersion = 17.1.32421.90
MinimumVisualStudioVersion = 10.0.40219.1
Project("{FAE04EC0-301F-11D3-BF4B-00C04F79EFBC}") = "WFGravarDadosMySQL", "WFGravarDadosMySQL\WFGravarDadosMySQL.csproj", "{FFD82390-7EA8-4D88-8391-A76103E706FC}"
EndProject
Global
	GlobalSection(SolutionConfigurationPlatforms) = preSolution
		Debug|Any CPU = Debug|Any CPU
		Release|Any CPU = Release|Any CPU
	EndGlobalSection
	GlobalSection(ProjectConfigurationPlatforms) = postSolution
		{FFD82390-7EA8-4D88-8391-A76103E706FC}.Debug|Any CPU.ActiveCfg = Debug|Any CPU
		{FFD82390-7EA8-4D88-8391-A76103E706FC}.Debug|Any CPU.Build.0 = Debug|Any CPU
		{FFD82390-7EA8-4D88-8391-A76103E706FC}.Release|Any CPU.ActiveCfg = Release|Any CPU
		{FFD82390-7EA8-4D88-8391-A76103E706FC}.Release|Any CPU.Build.0 = Release|Any CPU
	EndGlobalSection
	GlobalSection(SolutionProperties) = preSolution
		HideSolutionNode = FALSE
	EndGlobalSection
	GlobalSection(ExtensibilityGlobals) = postSolution
		SolutionGuid = {81F673EA-7F6D-4D70-8D6C-75BBD7B4DDF7}
	EndGlobalSection
EndGlobal
